
Microsoft Visual Studio Solution File, Format Version 12.00
# Visual Studio Version 17
VisualStudioVersion = 17.7.34024.191
MinimumVisualStudioVersion = 10.0.40219.1
Project("{9A19103F-16F7-4668-BE54-9A1E7A4F7556}") = "SKT2", "SKT2\SKT2.csproj", "{B27B3B93-177D-4514-AA08-98140DFC7240}"
	ProjectSection(ProjectDependencies) = postProject
		{8FFAC9A7-98F8-4EC8-9119-D6CDAC29FA8D} = {8FFAC9A7-98F8-4EC8-9119-D6CDAC29FA8D}
	EndProjectSection
EndProject
Project("{8BC9CEB8-8B4A-11D0-8D11-00A0C91BC942}") = "LibraryForSKT2", "LibraryForSKT2\LibraryForSKT2.vcxproj", "{8FFAC9A7-98F8-4EC8-9119-D6CDAC29FA8D}"
EndProject
Global
	GlobalSection(SolutionConfigurationPlatforms) = preSolution
		Debug|Any CPU = Debug|Any CPU
		Debug|x64 = Debug|x64
		Debug|x86 = Debug|x86
		Release|Any CPU = Release|Any CPU
		Release|x64 = Release|x64
		Release|x86 = Release|x86
	EndGlobalSection
	GlobalSection(ProjectConfigurationPlatforms) = postSolution
		{B27B3B93-177D-4514-AA08-98140DFC7240}.Debug|Any CPU.ActiveCfg = Debug|Any CPU
		{B27B3B93-177D-4514-AA08-98140DFC7240}.Debug|Any CPU.Build.0 = Debug|Any CPU
		{B27B3B93-177D-4514-AA08-98140DFC7240}.Debug|x64.ActiveCfg = Debug|Any CPU
		{B27B3B93-177D-4514-AA08-98140DFC7240}.Debug|x64.Build.0 = Debug|Any CPU
		{B27B3B93-177D-4514-AA08-98140DFC7240}.Debug|x86.ActiveCfg = Debug|Any CPU
		{B27B3B93-177D-4514-AA08-98140DFC7240}.Debug|x86.Build.0 = Debug|Any CPU
		{B27B3B93-177D-4514-AA08-98140DFC7240}.Release|Any CPU.ActiveCfg = Release|Any CPU
		{B27B3B93-177D-4514-AA08-98140DFC7240}.Release|Any CPU.Build.0 = Release|Any CPU
		{B27B3B93-177D-4514-AA08-98140DFC7240}.Release|x64.ActiveCfg = Release|Any CPU
		{B27B3B93-177D-4514-AA08-98140DFC7240}.Release|x64.Build.0 = Release|Any CPU
		{B27B3B93-177D-4514-AA08-98140DFC7240}.Release|x86.ActiveCfg = Release|Any CPU
		{B27B3B93-177D-4514-AA08-98140DFC7240}.Release|x86.Build.0 = Release|Any CPU
		{8FFAC9A7-98F8-4EC8-9119-D6CDAC29FA8D}.Debug|Any CPU.ActiveCfg = Debug|x64
		{8FFAC9A7-98F8-4EC8-9119-D6CDAC29FA8D}.Debug|Any CPU.Build.0 = Debug|x64
		{8FFAC9A7-98F8-4EC8-9119-D6CDAC29FA8D}.Debug|x64.ActiveCfg = Debug|x64
		{8FFAC9A7-98F8-4EC8-9119-D6CDAC29FA8D}.Debug|x64.Build.0 = Debug|x64
		{8FFAC9A7-98F8-4EC8-9119-D6CDAC29FA8D}.Debug|x86.ActiveCfg = Debug|Win32
		{8FFAC9A7-98F8-4EC8-9119-D6CDAC29FA8D}.Debug|x86.Build.0 = Debug|Win32
		{8FFAC9A7-98F8-4EC8-9119-D6CDAC29FA8D}.Release|Any CPU.ActiveCfg = Release|x64
		{8FFAC9A7-98F8-4EC8-9119-D6CDAC29FA8D}.Release|Any CPU.Build.0 = Release|x64
		{8FFAC9A7-98F8-4EC8-9119-D6CDAC29FA8D}.Release|x64.ActiveCfg = Release|x64
		{8FFAC9A7-98F8-4EC8-9119-D6CDAC29FA8D}.Release|x64.Build.0 = Release|x64
		{8FFAC9A7-98F8-4EC8-9119-D6CDAC29FA8D}.Release|x86.ActiveCfg = Release|Win32
		{8FFAC9A7-98F8-4EC8-9119-D6CDAC29FA8D}.Release|x86.Build.0 = Release|Win32
	EndGlobalSection
	GlobalSection(SolutionProperties) = preSolution
		HideSolutionNode = FALSE
	EndGlobalSection
	GlobalSection(ExtensibilityGlobals) = postSolution
		SolutionGuid = {95D01675-CC64-42D5-A14E-521C3CE9DF83}
	EndGlobalSection
EndGlobal
